// !$*UTF8*$!
{
	archiveVersion = 1;
	classes = {
	};
	objectVersion = 46;
	objects = {

/* Begin PBXBuildFile section */
		26F2768C1B9935F000ACF027 /* main.m in Sources */ = {isa = PBXBuildFile; fileRef = 26F2768B1B9935F000ACF027 /* main.m */; };
		26F2768F1B9935F000ACF027 /* AppDelegate.m in Sources */ = {isa = PBXBuildFile; fileRef = 26F2768E1B9935F000ACF027 /* AppDelegate.m */; };
		26F276921B9935F000ACF027 /* ViewController.m in Sources */ = {isa = PBXBuildFile; fileRef = 26F276911B9935F000ACF027 /* ViewController.m */; };
		26F276951B9935F000ACF027 /* Main.storyboard in Resources */ = {isa = PBXBuildFile; fileRef = 26F276931B9935F000ACF027 /* Main.storyboard */; };
		26F276971B9935F000ACF027 /* Images.xcassets in Resources */ = {isa = PBXBuildFile; fileRef = 26F276961B9935F000ACF027 /* Images.xcassets */; };
		26F2769A1B9935F000ACF027 /* LaunchScreen.xib in Resources */ = {isa = PBXBuildFile; fileRef = 26F276981B9935F000ACF027 /* LaunchScreen.xib */; };
		26F276A61B9935F000ACF027 /* FontingAwesomeTests.m in Sources */ = {isa = PBXBuildFile; fileRef = 26F276A51B9935F000ACF027 /* FontingAwesomeTests.m */; };
		442CD6536F88429122CBBB98 /* libPods.a in Frameworks */ = {isa = PBXBuildFile; fileRef = C87369BB19F073C138A53758 /* libPods.a */; };
/* End PBXBuildFile section */

/* Begin PBXContainerItemProxy section */
		26F276A01B9935F000ACF027 /* PBXContainerItemProxy */ = {
			isa = PBXContainerItemProxy;
			containerPortal = 26F2767E1B9935F000ACF027 /* Project object */;
			proxyType = 1;
			remoteGlobalIDString = 26F276851B9935F000ACF027;
			remoteInfo = FontingAwesome;
		};
/* End PBXContainerItemProxy section */

/* Begin PBXFileReference section */
		26F276861B9935F000ACF027 /* FontingAwesome.app */ = {isa = PBXFileReference; explicitFileType = wrapper.application; includeInIndex = 0; path = FontingAwesome.app; sourceTree = BUILT_PRODUCTS_DIR; };
		26F2768A1B9935F000ACF027 /* Info.plist */ = {isa = PBXFileReference; lastKnownFileType = text.plist.xml; path = Info.plist; sourceTree = "<group>"; };
		26F2768B1B9935F000ACF027 /* main.m */ = {isa = PBXFileReference; lastKnownFileType = sourcecode.c.objc; path = main.m; sourceTree = "<group>"; };
		26F2768D1B9935F000ACF027 /* AppDelegate.h */ = {isa = PBXFileReference; lastKnownFileType = sourcecode.c.h; path = AppDelegate.h; sourceTree = "<group>"; };
		26F2768E1B9935F000ACF027 /* AppDelegate.m */ = {isa = PBXFileReference; lastKnownFileType = sourcecode.c.objc; path = AppDelegate.m; sourceTree = "<group>"; };
		26F276901B9935F000ACF027 /* ViewController.h */ = {isa = PBXFileReference; lastKnownFileType = sourcecode.c.h; path = ViewController.h; sourceTree = "<group>"; };
		26F276911B9935F000ACF027 /* ViewController.m */ = {isa = PBXFileReference; lastKnownFileType = sourcecode.c.objc; path = ViewController.m; sourceTree = "<group>"; };
		26F276941B9935F000ACF027 /* Base */ = {isa = PBXFileReference; lastKnownFileType = file.storyboard; name = Base; path = Base.lproj/Main.storyboard; sourceTree = "<group>"; };
		26F276961B9935F000ACF027 /* Images.xcassets */ = {isa = PBXFileReference; lastKnownFileType = folder.assetcatalog; path = Images.xcassets; sourceTree = "<group>"; };
		26F276991B9935F000ACF027 /* Base */ = {isa = PBXFileReference; lastKnownFileType = file.xib; name = Base; path = Base.lproj/LaunchScreen.xib; sourceTree = "<group>"; };
		26F2769F1B9935F000ACF027 /* FontingAwesomeTests.xctest */ = {isa = PBXFileReference; explicitFileType = wrapper.cfbundle; includeInIndex = 0; path = FontingAwesomeTests.xctest; sourceTree = BUILT_PRODUCTS_DIR; };
		26F276A41B9935F000ACF027 /* Info.plist */ = {isa = PBXFileReference; lastKnownFileType = text.plist.xml; path = Info.plist; sourceTree = "<group>"; };
		26F276A51B9935F000ACF027 /* FontingAwesomeTests.m */ = {isa = PBXFileReference; lastKnownFileType = sourcecode.c.objc; path = FontingAwesomeTests.m; sourceTree = "<group>"; };
		6A2FD1A3432ACF9BA112B36C /* Pods.release.xcconfig */ = {isa = PBXFileReference; includeInIndex = 1; lastKnownFileType = text.xcconfig; name = Pods.release.xcconfig; path = "Pods/Target Support Files/Pods/Pods.release.xcconfig"; sourceTree = "<group>"; };
		97F862BC14EAE05E15279A11 /* Pods.debug.xcconfig */ = {isa = PBXFileReference; includeInIndex = 1; lastKnownFileType = text.xcconfig; name = Pods.debug.xcconfig; path = "Pods/Target Support Files/Pods/Pods.debug.xcconfig"; sourceTree = "<group>"; };
		C87369BB19F073C138A53758 /* libPods.a */ = {isa = PBXFileReference; explicitFileType = archive.ar; includeInIndex = 0; path = libPods.a; sourceTree = BUILT_PRODUCTS_DIR; };
/* End PBXFileReference section */

/* Begin PBXFrameworksBuildPhase section */
		26F276831B9935F000ACF027 /* Frameworks */ = {
			isa = PBXFrameworksBuildPhase;
			buildActionMask = 2147483647;
			files = (
				442CD6536F88429122CBBB98 /* libPods.a in Frameworks */,
			);
			runOnlyForDeploymentPostprocessing = 0;
		};
		26F2769C1B9935F000ACF027 /* Frameworks */ = {
			isa = PBXFrameworksBuildPhase;
			buildActionMask = 2147483647;
			files = (
			);
			runOnlyForDeploymentPostprocessing = 0;
		};
/* End PBXFrameworksBuildPhase section */

/* Begin PBXGroup section */
		26F2767D1B9935F000ACF027 = {
			isa = PBXGroup;
			children = (
				26F276881B9935F000ACF027 /* FontingAwesome */,
				26F276A21B9935F000ACF027 /* FontingAwesomeTests */,
				26F276871B9935F000ACF027 /* Products */,
				4B1AE546486660011DC49B41 /* Pods */,
				94B19AA47C5D5D349E60788B /* Frameworks */,
			);
			sourceTree = "<group>";
		};
		26F276871B9935F000ACF027 /* Products */ = {
			isa = PBXGroup;
			children = (
				26F276861B9935F000ACF027 /* FontingAwesome.app */,
				26F2769F1B9935F000ACF027 /* FontingAwesomeTests.xctest */,
			);
			name = Products;
			sourceTree = "<group>";
		};
		26F276881B9935F000ACF027 /* FontingAwesome */ = {
			isa = PBXGroup;
			children = (
				26F2768D1B9935F000ACF027 /* AppDelegate.h */,
				26F2768E1B9935F000ACF027 /* AppDelegate.m */,
				26F276901B9935F000ACF027 /* ViewController.h */,
				26F276911B9935F000ACF027 /* ViewController.m */,
				26F276931B9935F000ACF027 /* Main.storyboard */,
				26F276961B9935F000ACF027 /* Images.xcassets */,
				26F276981B9935F000ACF027 /* LaunchScreen.xib */,
				26F276891B9935F000ACF027 /* Supporting Files */,
			);
			path = FontingAwesome;
			sourceTree = "<group>";
		};
		26F276891B9935F000ACF027 /* Supporting Files */ = {
			isa = PBXGroup;
			children = (
				26F2768A1B9935F000ACF027 /* Info.plist */,
				26F2768B1B9935F000ACF027 /* main.m */,
			);
			name = "Supporting Files";
			sourceTree = "<group>";
		};
		26F276A21B9935F000ACF027 /* FontingAwesomeTests */ = {
			isa = PBXGroup;
			children = (
				26F276A51B9935F000ACF027 /* FontingAwesomeTests.m */,
				26F276A31B9935F000ACF027 /* Supporting Files */,
			);
			path = FontingAwesomeTests;
			sourceTree = "<group>";
		};
		26F276A31B9935F000ACF027 /* Supporting Files */ = {
			isa = PBXGroup;
			children = (
				26F276A41B9935F000ACF027 /* Info.plist */,
			);
			name = "Supporting Files";
			sourceTree = "<group>";
		};
		4B1AE546486660011DC49B41 /* Pods */ = {
			isa = PBXGroup;
			children = (
				97F862BC14EAE05E15279A11 /* Pods.debug.xcconfig */,
				6A2FD1A3432ACF9BA112B36C /* Pods.release.xcconfig */,
			);
			name = Pods;
			sourceTree = "<group>";
		};
		94B19AA47C5D5D349E60788B /* Frameworks */ = {
			isa = PBXGroup;
			children = (
				C87369BB19F073C138A53758 /* libPods.a */,
			);
			name = Frameworks;
			sourceTree = "<group>";
		};
/* End PBXGroup section */

/* Begin PBXNativeTarget section */
		26F276851B9935F000ACF027 /* FontingAwesome */ = {
			isa = PBXNativeTarget;
			buildConfigurationList = 26F276A91B9935F000ACF027 /* Build configuration list for PBXNativeTarget "FontingAwesome" */;
			buildPhases = (
				8B35DD48121797F247CF7151 /* Check Pods Manifest.lock */,
				26F276821B9935F000ACF027 /* Sources */,
				26F276831B9935F000ACF027 /* Frameworks */,
				26F276841B9935F000ACF027 /* Resources */,
				E20F1B7B535A8A9000BF9F6B /* Copy Pods Resources */,
			);
			buildRules = (
			);
			dependencies = (
			);
			name = FontingAwesome;
			productName = FontingAwesome;
			productReference = 26F276861B9935F000ACF027 /* FontingAwesome.app */;
			productType = "com.apple.product-type.application";
		};
		26F2769E1B9935F000ACF027 /* FontingAwesomeTests */ = {
			isa = PBXNativeTarget;
			buildConfigurationList = 26F276AC1B9935F000ACF027 /* Build configuration list for PBXNativeTarget "FontingAwesomeTests" */;
			buildPhases = (
				26F2769B1B9935F000ACF027 /* Sources */,
				26F2769C1B9935F000ACF027 /* Frameworks */,
				26F2769D1B9935F000ACF027 /* Resources */,
			);
			buildRules = (
			);
			dependencies = (
				26F276A11B9935F000ACF027 /* PBXTargetDependency */,
			);
			name = FontingAwesomeTests;
			productName = FontingAwesomeTests;
			productReference = 26F2769F1B9935F000ACF027 /* FontingAwesomeTests.xctest */;
			productType = "com.apple.product-type.bundle.unit-test";
		};
/* End PBXNativeTarget section */

/* Begin PBXProject section */
		26F2767E1B9935F000ACF027 /* Project object */ = {
			isa = PBXProject;
			attributes = {
				LastUpgradeCheck = 0640;
				ORGANIZATIONNAME = Motley;
				TargetAttributes = {
					26F276851B9935F000ACF027 = {
						CreatedOnToolsVersion = 6.4;
					};
					26F2769E1B9935F000ACF027 = {
						CreatedOnToolsVersion = 6.4;
						TestTargetID = 26F276851B9935F000ACF027;
					};
				};
			};
			buildConfigurationList = 26F276811B9935F000ACF027 /* Build configuration list for PBXProject "FontingAwesome" */;
			compatibilityVersion = "Xcode 3.2";
			developmentRegion = English;
			hasScannedForEncodings = 0;
			knownRegions = (
				en,
				Base,
			);
			mainGroup = 26F2767D1B9935F000ACF027;
			productRefGroup = 26F276871B9935F000ACF027 /* Products */;
			projectDirPath = "";
			projectRoot = "";
			targets = (
				26F276851B9935F000ACF027 /* FontingAwesome */,
				26F2769E1B9935F000ACF027 /* FontingAwesomeTests */,
			);
		};
/* End PBXProject section */

/* Begin PBXResourcesBuildPhase section */
		26F276841B9935F000ACF027 /* Resources */ = {
			isa = PBXResourcesBuildPhase;
			buildActionMask = 2147483647;
			files = (
				26F276951B9935F000ACF027 /* Main.storyboard in Resources */,
				26F2769A1B9935F000ACF027 /* LaunchScreen.xib in Resources */,
				26F276971B9935F000ACF027 /* Images.xcassets in Resources */,
			);
			runOnlyForDeploymentPostprocessing = 0;
		};
		26F2769D1B9935F000ACF027 /* Resources */ = {
			isa = PBXResourcesBuildPhase;
			buildActionMask = 2147483647;
			files = (
			);
			runOnlyForDeploymentPostprocessing = 0;
		};
/* End PBXResourcesBuildPhase section */

/* Begin PBXShellScriptBuildPhase section */
		8B35DD48121797F247CF7151 /* Check Pods Manifest.lock */ = {
			isa = PBXShellScriptBuildPhase;
			buildActionMask = 2147483647;
			files = (
			);
			inputPaths = (
			);
			name = "Check Pods Manifest.lock";
			outputPaths = (
			);
			runOnlyForDeploymentPostprocessing = 0;
			shellPath = /bin/sh;
			shellScript = "diff \"${PODS_ROOT}/../Podfile.lock\" \"${PODS_ROOT}/Manifest.lock\" > /dev/null\nif [[ $? != 0 ]] ; then\n    cat << EOM\nerror: The sandbox is not in sync with the Podfile.lock. Run 'pod install' or update your CocoaPods installation.\nEOM\n    exit 1\nfi\n";
			showEnvVarsInLog = 0;
		};
		E20F1B7B535A8A9000BF9F6B /* Copy Pods Resources */ = {
			isa = PBXShellScriptBuildPhase;
			buildActionMask = 2147483647;
			files = (
			);
			inputPaths = (
			);
			name = "Copy Pods Resources";
			outputPaths = (
			);
			runOnlyForDeploymentPostprocessing = 0;
			shellPath = /bin/sh;
			shellScript = "\"${SRCROOT}/Pods/Target Support Files/Pods/Pods-resources.sh\"\n";
			showEnvVarsInLog = 0;
		};
/* End PBXShellScriptBuildPhase section */

/* Begin PBXSourcesBuildPhase section */
		26F276821B9935F000ACF027 /* Sources */ = {
			isa = PBXSourcesBuildPhase;
			buildActionMask = 2147483647;
			files = (
				26F276921B9935F000ACF027 /* ViewController.m in Sources */,
				26F2768F1B9935F000ACF027 /* AppDelegate.m in Sources */,
				26F2768C1B9935F000ACF027 /* main.m in Sources */,
			);
			runOnlyForDeploymentPostprocessing = 0;
		};
		26F2769B1B9935F000ACF027 /* Sources */ = {
			isa = PBXSourcesBuildPhase;
			buildActionMask = 2147483647;
			files = (
				26F276A61B9935F000ACF027 /* FontingAwesomeTests.m in Sources */,
			);
			runOnlyForDeploymentPostprocessing = 0;
		};
/* End PBXSourcesBuildPhase section */

/* Begin PBXTargetDependency section */
		26F276A11B9935F000ACF027 /* PBXTargetDependency */ = {
			isa = PBXTargetDependency;
			target = 26F276851B9935F000ACF027 /* FontingAwesome */;
			targetProxy = 26F276A01B9935F000ACF027 /* PBXContainerItemProxy */;
		};
/* End PBXTargetDependency section */

/* Begin PBXVariantGroup section */
		26F276931B9935F000ACF027 /* Main.storyboard */ = {
			isa = PBXVariantGroup;
			children = (
				26F276941B9935F000ACF027 /* Base */,
			);
			name = Main.storyboard;
			sourceTree = "<group>";
		};
		26F276981B9935F000ACF027 /* LaunchScreen.xib */ = {
			isa = PBXVariantGroup;
			children = (
				26F276991B9935F000ACF027 /* Base */,
			);
			name = LaunchScreen.xib;
			sourceTree = "<group>";
		};
/* End PBXVariantGroup section */

/* Begin XCBuildConfiguration section */
		26F276A71B9935F000ACF027 /* Debug */ = {
			isa = XCBuildConfiguration;
			buildSettings = {
				ALWAYS_SEARCH_USER_PATHS = NO;
				CLANG_CXX_LANGUAGE_STANDARD = "gnu++0x";
				CLANG_CXX_LIBRARY = "libc++";
				CLANG_ENABLE_MODULES = YES;
				CLANG_ENABLE_OBJC_ARC = YES;
				CLANG_WARN_BOOL_CONVERSION = YES;
				CLANG_WARN_CONSTANT_CONVERSION = YES;
				CLANG_WARN_DIRECT_OBJC_ISA_USAGE = YES_ERROR;
				CLANG_WARN_EMPTY_BODY = YES;
				CLANG_WARN_ENUM_CONVERSION = YES;
				CLANG_WARN_INT_CONVERSION = YES;
				CLANG_WARN_OBJC_ROOT_CLASS = YES_ERROR;
				CLANG_WARN_UNREACHABLE_CODE = YES;
				CLANG_WARN__DUPLICATE_METHOD_MATCH = YES;
				"CODE_SIGN_IDENTITY[sdk=iphoneos*]" = "iPhone Developer";
				COPY_PHASE_STRIP = NO;
				DEBUG_INFORMATION_FORMAT = "dwarf-with-dsym";
				ENABLE_STRICT_OBJC_MSGSEND = YES;
				GCC_C_LANGUAGE_STANDARD = gnu99;
				GCC_DYNAMIC_NO_PIC = NO;
				GCC_NO_COMMON_BLOCKS = YES;
				GCC_OPTIMIZATION_LEVEL = 0;
				GCC_PREPROCESSOR_DEFINITIONS = (
					"DEBUG=1",
					"$(inherited)",
				);
				GCC_SYMBOLS_PRIVATE_EXTERN = NO;
				GCC_WARN_64_TO_32_BIT_CONVERSION = YES;
				GCC_WARN_ABOUT_RETURN_TYPE = YES_ERROR;
				GCC_WARN_UNDECLARED_SELECTOR = YES;
				GCC_WARN_UNINITIALIZED_AUTOS = YES_AGGRESSIVE;
				GCC_WARN_UNUSED_FUNCTION = YES;
				GCC_WARN_UNUSED_VARIABLE = YES;
				IPHONEOS_DEPLOYMENT_TARGET = 8.4;
				MTL_ENABLE_DEBUG_INFO = YES;
				ONLY_ACTIVE_ARCH = YES;
				SDKROOT = iphoneos;
			};
			name = Debug;
		};
		26F276A81B9935F000ACF027 /* Release */ = {
			isa = XCBuildConfiguration;
			buildSettings = {
				ALWAYS_SEARCH_USER_PATHS = NO;
				CLANG_CXX_LANGUAGE_STANDARD = "gnu++0x";
				CLANG_CXX_LIBRARY = "libc++";
				CLANG_ENABLE_MODULES = YES;
				CLANG_ENABLE_OBJC_ARC = YES;
				CLANG_WARN_BOOL_CONVERSION = YES;
				CLANG_WARN_CONSTANT_CONVERSION = YES;
				CLANG_WARN_DIRECT_OBJC_ISA_USAGE = YES_ERROR;
				CLANG_WARN_EMPTY_BODY = YES;
				CLANG_WARN_ENUM_CONVERSION = YES;
				CLANG_WARN_INT_CONVERSION = YES;
				CLANG_WARN_OBJC_ROOT_CLASS = YES_ERROR;
				CLANG_WARN_UNREACHABLE_CODE = YES;
				CLANG_WARN__DUPLICATE_METHOD_MATCH = YES;
				"CODE_SIGN_IDENTITY[sdk=iphoneos*]" = "iPhone Developer";
				COPY_PHASE_STRIP = NO;
				DEBUG_INFORMATION_FORMAT = "dwarf-with-dsym";
				ENABLE_NS_ASSERTIONS = NO;
				ENABLE_STRICT_OBJC_MSGSEND = YES;
				GCC_C_LANGUAGE_STANDARD = gnu99;
				GCC_NO_COMMON_BLOCKS = YES;
				GCC_WARN_64_TO_32_BIT_CONVERSION = YES;
				GCC_WARN_ABOUT_RETURN_TYPE = YES_ERROR;
				GCC_WARN_UNDECLARED_SELECTOR = YES;
				GCC_WARN_UNINITIALIZED_AUTOS = YES_AGGRESSIVE;
				GCC_WARN_UNUSED_FUNCTION = YES;
				GCC_WARN_UNUSED_VARIABLE = YES;
				IPHONEOS_DEPLOYMENT_TARGET = 8.4;
				MTL_ENABLE_DEBUG_INFO = NO;
				SDKROOT = iphoneos;
				VALIDATE_PRODUCT = YES;
			};
			name = Release;
		};
		26F276AA1B9935F000ACF027 /* Debug */ = {
			isa = XCBuildConfiguration;
			baseConfigurationReference = 97F862BC14EAE05E15279A11 /* Pods.debug.xcconfig */;
			buildSettings = {
				ASSETCATALOG_COMPILER_APPICON_NAME = AppIcon;
				INFOPLIST_FILE = FontingAwesome/Info.plist;
				LD_RUNPATH_SEARCH_PATHS = "$(inherited) @executable_path/Frameworks";
				PRODUCT_NAME = "$(TARGET_NAME)";
			};
			name = Debug;
		};
		26F276AB1B9935F000ACF027 /* Release */ = {
			isa = XCBuildConfiguration;
			baseConfigurationReference = 6A2FD1A3432ACF9BA112B36C /* Pods.release.xcconfig */;
			buildSettings = {
				ASSETCATALOG_COMPILER_APPICON_NAME = AppIcon;
				INFOPLIST_FILE = FontingAwesome/Info.plist;
				LD_RUNPATH_SEARCH_PATHS = "$(inherited) @executable_path/Frameworks";
				PRODUCT_NAME = "$(TARGET_NAME)";
			};
			name = Release;
		};
		26F276AD1B9935F000ACF027 /* Debug */ = {
			isa = XCBuildConfiguration;
			buildSettings = {
				BUNDLE_LOADER = "$(TEST_HOST)";
				FRAMEWORK_SEARCH_PATHS = (
					"$(SDKROOT)/Developer/Library/Frameworks",
					"$(inherited)",
				);
				GCC_PREPROCESSOR_DEFINITIONS = (
					"DEBUG=1",
					"$(inherited)",
				);
				INFOPLIST_FILE = FontingAwesomeTests/Info.plist;
				LD_RUNPATH_SEARCH_PATHS = "$(inherited) @executable_path/Frameworks @loader_path/Frameworks";
				PRODUCT_NAME = "$(TARGET_NAME)";
				TEST_HOST = "$(BUILT_PRODUCTS_DIR)/FontingAwesome.app/FontingAwesome";
			};
			name = Debug;
		};
		26F276AE1B9935F000ACF027 /* Release */ = {
			isa = XCBuildConfiguration;
			buildSettings = {
				BUNDLE_LOADER = "$(TEST_HOST)";
				FRAMEWORK_SEARCH_PATHS = (
					"$(SDKROOT)/Developer/Library/Frameworks",
					"$(inherited)",
				);
				INFOPLIST_FILE = FontingAwesomeTests/Info.plist;
				LD_RUNPATH_SEARCH_PATHS = "$(inherited) @executable_path/Frameworks @loader_path/Frameworks";
				PRODUCT_NAME = "$(TARGET_NAME)";
				TEST_HOST = "$(BUILT_PRODUCTS_DIR)/FontingAwesome.app/FontingAwesome";
			};
			name = Release;
		};
/* End XCBuildConfiguration section */

/* Begin XCConfigurationList section */
		26F276811B9935F000ACF027 /* Build configuration list for PBXProject "FontingAwesome" */ = {
			isa = XCConfigurationList;
			buildConfigurations = (
				26F276A71B9935F000ACF027 /* Debug */,
				26F276A81B9935F000ACF027 /* Release */,
			);
			defaultConfigurationIsVisible = 0;
			defaultConfigurationName = Release;
		};
		26F276A91B9935F000ACF027 /* Build configuration list for PBXNativeTarget "FontingAwesome" */ = {
			isa = XCConfigurationList;
			buildConfigurations = (
				26F276AA1B9935F000ACF027 /* Debug */,
				26F276AB1B9935F000ACF027 /* Release */,
			);
			defaultConfigurationIsVisible = 0;
			defaultConfigurationName = Release;
		};
		26F276AC1B9935F000ACF027 /* Build configuration list for PBXNativeTarget "FontingAwesomeTests" */ = {
			isa = XCConfigurationList;
			buildConfigurations = (
				26F276AD1B9935F000ACF027 /* Debug */,
				26F276AE1B9935F000ACF027 /* Release */,
			);
			defaultConfigurationIsVisible = 0;
			defaultConfigurationName = Release;
		};
/* End XCConfigurationList section */
	};
	rootObject = 26F2767E1B9935F000ACF027 /* Project object */;
}
